
Microsoft Visual Studio Solution File, Format Version 12.00
Project("{FAE04EC0-301F-11D3-BF4B-00C04F79EFBC}") = "Task5", "Task5\Task5.csproj", "{18AA2324-C8FC-47C4-9D0B-EB93140494EE}"
EndProject
Global
	GlobalSection(SolutionConfigurationPlatforms) = preSolution
		Debug|Any CPU = Debug|Any CPU
		Release|Any CPU = Release|Any CPU
	EndGlobalSection
	GlobalSection(ProjectConfigurationPlatforms) = postSolution
		{18AA2324-C8FC-47C4-9D0B-EB93140494EE}.Debug|Any CPU.ActiveCfg = Debug|Any CPU
		{18AA2324-C8FC-47C4-9D0B-EB93140494EE}.Debug|Any CPU.Build.0 = Debug|Any CPU
		{18AA2324-C8FC-47C4-9D0B-EB93140494EE}.Release|Any CPU.ActiveCfg = Release|Any CPU
		{18AA2324-C8FC-47C4-9D0B-EB93140494EE}.Release|Any CPU.Build.0 = Release|Any CPU
	EndGlobalSection
EndGlobal
